
Microsoft Visual Studio Solution File, Format Version 12.00
# Visual Studio 15
VisualStudioVersion = 15.0.28307.572
MinimumVisualStudioVersion = 10.0.40219.1
Project("{FAE04EC0-301F-11D3-BF4B-00C04F79EFBC}") = "Activity9.Android", "Activity9\Activity9.Android\Activity9.Android.csproj", "{855E26ED-0494-46DC-A9B6-85265E9AD4F1}"
EndProject
Project("{FAE04EC0-301F-11D3-BF4B-00C04F79EFBC}") = "Activity9", "Activity9\Activity9\Activity9.csproj", "{1EC6FFD5-8158-4533-9E75-EAD702FFCFB8}"
EndProject
Global
	GlobalSection(SolutionConfigurationPlatforms) = preSolution
		Debug|Any CPU = Debug|Any CPU
		Release|Any CPU = Release|Any CPU
	EndGlobalSection
	GlobalSection(ProjectConfigurationPlatforms) = postSolution
		{855E26ED-0494-46DC-A9B6-85265E9AD4F1}.Debug|Any CPU.ActiveCfg = Debug|Any CPU
		{855E26ED-0494-46DC-A9B6-85265E9AD4F1}.Debug|Any CPU.Build.0 = Debug|Any CPU
		{855E26ED-0494-46DC-A9B6-85265E9AD4F1}.Debug|Any CPU.Deploy.0 = Debug|Any CPU
		{855E26ED-0494-46DC-A9B6-85265E9AD4F1}.Release|Any CPU.ActiveCfg = Release|Any CPU
		{855E26ED-0494-46DC-A9B6-85265E9AD4F1}.Release|Any CPU.Build.0 = Release|Any CPU
		{855E26ED-0494-46DC-A9B6-85265E9AD4F1}.Release|Any CPU.Deploy.0 = Release|Any CPU
		{1EC6FFD5-8158-4533-9E75-EAD702FFCFB8}.Debug|Any CPU.ActiveCfg = Debug|Any CPU
		{1EC6FFD5-8158-4533-9E75-EAD702FFCFB8}.Debug|Any CPU.Build.0 = Debug|Any CPU
		{1EC6FFD5-8158-4533-9E75-EAD702FFCFB8}.Debug|Any CPU.Deploy.0 = Debug|Any CPU
		{1EC6FFD5-8158-4533-9E75-EAD702FFCFB8}.Release|Any CPU.ActiveCfg = Release|Any CPU
		{1EC6FFD5-8158-4533-9E75-EAD702FFCFB8}.Release|Any CPU.Build.0 = Release|Any CPU
		{1EC6FFD5-8158-4533-9E75-EAD702FFCFB8}.Release|Any CPU.Deploy.0 = Release|Any CPU
	EndGlobalSection
	GlobalSection(SolutionProperties) = preSolution
		HideSolutionNode = FALSE
	EndGlobalSection
	GlobalSection(ExtensibilityGlobals) = postSolution
		SolutionGuid = {3C0AB2CB-7071-4E6D-8749-50775149B85F}
	EndGlobalSection
EndGlobal
